<?xml version="1.0" encoding="utf-8"?>
<Project ToolsVersion="4.0" xmlns="http://schemas.microsoft.com/developer/msbuild/2003">
  <ItemGroup>
    <Filter Include="Source Files">
      <UniqueIdentifier>{4FC737F1-C7A5-4376-A066-2A32D752A2FF}</UniqueIdentifier>
      <Extensions>cpp;c;cc;cxx;def;odl;idl;hpj;bat;asm;asmx</Extensions>
    </Filter>
    <Filter Include="Header Files">
      <UniqueIdentifier>{93995380-89BD-4b04-88EB-625FBE52EBFB}</UniqueIdentifier>
      <Extensions>h;hpp;hxx;hm;inl;inc;xsd</Extensions>
    </Filter>
    <Filter Include="Resource Files">
      <UniqueIdentifier>{67DA6AB6-F800-4c08-8B7A-83BB121AAD01}</UniqueIdentifier>
      <Extensions>rc;ico;cur;bmp;dlg;rc2;rct;bin;rgs;gif;jpg;jpeg;jpe;resx;tiff;tif;png;wav;mfcribbon-ms</Extensions>
    </Filter>
    <Filter Include="Lua Scripts">
      <UniqueIdentifier>{ff0f3d9d-2e92-4127-864d-bc5fd507a25e}</UniqueIdentifier>
    </Filter>
  </ItemGroup>
  <ItemGroup>
    <ClInclude Include="usbDevice.h">
      <Filter>Header Files</Filter>
    </ClInclude>
    <ClInclude Include="luaScript.h">
      <Filter>Header Files</Filter>
    </ClInclude>
    <ClInclude Include="keyboardScript.h">
      <Filter>Header Files</Filter>
    </ClInclude>
    <ClInclude Include="corsairConstants.h">
      <Filter>Header Files</Filter>
    </ClInclude>
    <ClInclude Include="corsairRGBKeyboardK70.h">
      <Filter>Header Files</Filter>
    </ClInclude>
    <ClInclude Include="corsairRGBKeyboard.h">
      <Filter>Header Files</Filter>
    </ClInclude>
    <ClInclude Include="utilities.h">
      <Filter>Header Files</Filter>
    </ClInclude>
  </ItemGroup>
  <ItemGroup>
    <ClCompile Include="usbDevice.cpp">
      <Filter>Source Files</Filter>
    </ClCompile>
    <ClCompile Include="main.cpp">
      <Filter>Source Files</Filter>
    </ClCompile>
    <ClCompile Include="luaScript.cpp">
      <Filter>Source Files</Filter>
    </ClCompile>
    <ClCompile Include="keyboardScript.cpp">
      <Filter>Source Files</Filter>
    </ClCompile>
    <ClCompile Include="corsairRGBKeyboard.cpp">
      <Filter>Source Files</Filter>
    </ClCompile>
    <ClCompile Include="utilities.cpp">
      <Filter>Source Files</Filter>
    </ClCompile>
  </ItemGroup>
  <ItemGroup>
    <None Include="dynamicRainbow.lua">
      <Filter>Lua Scripts</Filter>
    </None>
    <None Include="linearRainbow.lua">
      <Filter>Lua Scripts</Filter>
    </None>
    <None Include="stripePulse.lua">
      <Filter>Lua Scripts</Filter>
    </None>
    <None Include="stripeSolidWithSmartIndicators.lua">
      <Filter>Lua Scripts</Filter>
    </None>
    <None Include="library.lua">
      <Filter>Lua Scripts</Filter>
    </None>
    <None Include="mobaSettings.lua">
      <Filter>Lua Scripts</Filter>
    </None>
  </ItemGroup>
</Project>